
Microsoft Visual Studio Solution File, Format Version 12.00
# Visual Studio Version 17
VisualStudioVersion = 17.13.35931.197
MinimumVisualStudioVersion = 10.0.40219.1
Project("{FAE04EC0-301F-11D3-BF4B-00C04F79EFBC}") = "VTProIntegrationsTestSimpleSharp", "VTProIntegrationsTestSimpleSharp.csproj", "{C0C480D7-DD11-42EF-AE53-54B2BAD6E39C}"
EndProject
Global
	GlobalSection(SolutionConfigurationPlatforms) = preSolution
		Debug|Any CPU = Debug|Any CPU
		Release|Any CPU = Release|Any CPU
	EndGlobalSection
	GlobalSection(ProjectConfigurationPlatforms) = postSolution
		{C0C480D7-DD11-42EF-AE53-54B2BAD6E39C}.Debug|Any CPU.ActiveCfg = Debug|Any CPU
		{C0C480D7-DD11-42EF-AE53-54B2BAD6E39C}.Debug|Any CPU.Build.0 = Debug|Any CPU
		{C0C480D7-DD11-42EF-AE53-54B2BAD6E39C}.Release|Any CPU.ActiveCfg = Release|Any CPU
		{C0C480D7-DD11-42EF-AE53-54B2BAD6E39C}.Release|Any CPU.Build.0 = Release|Any CPU
	EndGlobalSection
	GlobalSection(SolutionProperties) = preSolution
		HideSolutionNode = FALSE
	EndGlobalSection
	GlobalSection(ExtensibilityGlobals) = postSolution
		SolutionGuid = {AD07D34D-68C1-4190-B483-A7A7B8C338C9}
	EndGlobalSection
EndGlobal
